
Microsoft Visual Studio Solution File, Format Version 12.00
# Visual Studio 15
VisualStudioVersion = 15.0.27004.2009
MinimumVisualStudioVersion = 10.0.40219.1
Project("{FAE04EC0-301F-11D3-BF4B-00C04F79EFBC}") = "TestApp", "TestApp\TestApp.csproj", "{AD3D2F46-7C1B-47B1-98FC-59C1F40ECD0A}"
EndProject
Global
	GlobalSection(SolutionConfigurationPlatforms) = preSolution
		Debug|Any CPU = Debug|Any CPU
		Release|Any CPU = Release|Any CPU
	EndGlobalSection
	GlobalSection(ProjectConfigurationPlatforms) = postSolution
		{AD3D2F46-7C1B-47B1-98FC-59C1F40ECD0A}.Debug|Any CPU.ActiveCfg = Debug|Any CPU
		{AD3D2F46-7C1B-47B1-98FC-59C1F40ECD0A}.Debug|Any CPU.Build.0 = Debug|Any CPU
		{AD3D2F46-7C1B-47B1-98FC-59C1F40ECD0A}.Release|Any CPU.ActiveCfg = Release|Any CPU
		{AD3D2F46-7C1B-47B1-98FC-59C1F40ECD0A}.Release|Any CPU.Build.0 = Release|Any CPU
	EndGlobalSection
	GlobalSection(SolutionProperties) = preSolution
		HideSolutionNode = FALSE
	EndGlobalSection
	GlobalSection(ExtensibilityGlobals) = postSolution
		SolutionGuid = {99DA03BB-3EB3-48BA-92AC-12A1DD582ABD}
	EndGlobalSection
EndGlobal
